
Microsoft Visual Studio Solution File, Format Version 12.00
# Visual Studio Version 16
VisualStudioVersion = 16.0.30804.86
MinimumVisualStudioVersion = 10.0.40219.1
Project("{FAE04EC0-301F-11D3-BF4B-00C04F79EFBC}") = "Mask_Sensative", "Mask_Sensative\Mask_Sensative.csproj", "{87046119-E8F2-405D-8BD2-E5EF54055FAE}"
EndProject
Global
	GlobalSection(SolutionConfigurationPlatforms) = preSolution
		Debug|Any CPU = Debug|Any CPU
		Release|Any CPU = Release|Any CPU
	EndGlobalSection
	GlobalSection(ProjectConfigurationPlatforms) = postSolution
		{87046119-E8F2-405D-8BD2-E5EF54055FAE}.Debug|Any CPU.ActiveCfg = Debug|Any CPU
		{87046119-E8F2-405D-8BD2-E5EF54055FAE}.Debug|Any CPU.Build.0 = Debug|Any CPU
		{87046119-E8F2-405D-8BD2-E5EF54055FAE}.Release|Any CPU.ActiveCfg = Release|Any CPU
		{87046119-E8F2-405D-8BD2-E5EF54055FAE}.Release|Any CPU.Build.0 = Release|Any CPU
	EndGlobalSection
	GlobalSection(SolutionProperties) = preSolution
		HideSolutionNode = FALSE
	EndGlobalSection
	GlobalSection(ExtensibilityGlobals) = postSolution
		SolutionGuid = {ECB83C77-F0DC-46C5-B829-8E5C37D1777F}
	EndGlobalSection
EndGlobal
